
Microsoft Visual Studio Solution File, Format Version 12.00
# Visual Studio Version 17
VisualStudioVersion = 17.9.34701.34
MinimumVisualStudioVersion = 10.0.40219.1
Project("{9A19103F-16F7-4668-BE54-9A1E7A4F7556}") = "MyLib", "MyLib\MyLib.csproj", "{B82D6F4E-7813-4288-8945-B042795E3B23}"
EndProject
Project("{9A19103F-16F7-4668-BE54-9A1E7A4F7556}") = "Benchmark", "Benchmark\Benchmark.csproj", "{5F210DAB-0F47-472C-90F1-C0A5482024CE}"
EndProject
Global
	GlobalSection(SolutionConfigurationPlatforms) = preSolution
		Release|Any CPU = Release|Any CPU
	EndGlobalSection
	GlobalSection(ProjectConfigurationPlatforms) = postSolution
		{B82D6F4E-7813-4288-8945-B042795E3B23}.Release|Any CPU.ActiveCfg = Release|Any CPU
		{B82D6F4E-7813-4288-8945-B042795E3B23}.Release|Any CPU.Build.0 = Release|Any CPU
		{5F210DAB-0F47-472C-90F1-C0A5482024CE}.Release|Any CPU.ActiveCfg = Release|Any CPU
		{5F210DAB-0F47-472C-90F1-C0A5482024CE}.Release|Any CPU.Build.0 = Release|Any CPU
	EndGlobalSection
	GlobalSection(SolutionProperties) = preSolution
		HideSolutionNode = FALSE
	EndGlobalSection
	GlobalSection(ExtensibilityGlobals) = postSolution
		SolutionGuid = {1C5A4195-F4A4-45E3-8A87-B5A93C0B6ACC}
	EndGlobalSection
EndGlobal
